
Microsoft Visual Studio Solution File, Format Version 12.00
# Visual Studio Version 16
VisualStudioVersion = 16.0.30717.126
MinimumVisualStudioVersion = 10.0.40219.1
Project("{FAE04EC0-301F-11D3-BF4B-00C04F79EFBC}") = "Demos-ADONET-SqlDb", "Demos-ADONET\Demos-ADONET-SqlDb.csproj", "{30C20A9A-68E5-4DE6-9043-7C3762422764}"
EndProject
Project("{FAE04EC0-301F-11D3-BF4B-00C04F79EFBC}") = "Bieren.Data", "Bieren.Data\Bieren.Data.csproj", "{648C4379-930D-417D-B32C-A1A57E8F0B3D}"
EndProject
Project("{9A19103F-16F7-4668-BE54-9A1E7A4F7556}") = "Scaffold-BierenDb EFCore", "Scaffold-BierenDb\Scaffold-BierenDb\Scaffold-BierenDb EFCore.csproj", "{2C95170D-BD1A-451A-B5F8-EF71C7B5B0AF}"
EndProject
Project("{FAE04EC0-301F-11D3-BF4B-00C04F79EFBC}") = "Demo-ADONET-DataSet", "DemoDataSet\Demo-ADONET-DataSet.csproj", "{D0F4DB0A-66AE-4F89-B914-BA36FF617A73}"
EndProject
Global
	GlobalSection(SolutionConfigurationPlatforms) = preSolution
		Debug|Any CPU = Debug|Any CPU
		Release|Any CPU = Release|Any CPU
	EndGlobalSection
	GlobalSection(ProjectConfigurationPlatforms) = postSolution
		{30C20A9A-68E5-4DE6-9043-7C3762422764}.Debug|Any CPU.ActiveCfg = Debug|Any CPU
		{30C20A9A-68E5-4DE6-9043-7C3762422764}.Debug|Any CPU.Build.0 = Debug|Any CPU
		{30C20A9A-68E5-4DE6-9043-7C3762422764}.Release|Any CPU.ActiveCfg = Release|Any CPU
		{30C20A9A-68E5-4DE6-9043-7C3762422764}.Release|Any CPU.Build.0 = Release|Any CPU
		{648C4379-930D-417D-B32C-A1A57E8F0B3D}.Debug|Any CPU.ActiveCfg = Debug|Any CPU
		{648C4379-930D-417D-B32C-A1A57E8F0B3D}.Debug|Any CPU.Build.0 = Debug|Any CPU
		{648C4379-930D-417D-B32C-A1A57E8F0B3D}.Release|Any CPU.ActiveCfg = Release|Any CPU
		{648C4379-930D-417D-B32C-A1A57E8F0B3D}.Release|Any CPU.Build.0 = Release|Any CPU
		{2C95170D-BD1A-451A-B5F8-EF71C7B5B0AF}.Debug|Any CPU.ActiveCfg = Debug|Any CPU
		{2C95170D-BD1A-451A-B5F8-EF71C7B5B0AF}.Debug|Any CPU.Build.0 = Debug|Any CPU
		{2C95170D-BD1A-451A-B5F8-EF71C7B5B0AF}.Release|Any CPU.ActiveCfg = Release|Any CPU
		{2C95170D-BD1A-451A-B5F8-EF71C7B5B0AF}.Release|Any CPU.Build.0 = Release|Any CPU
		{D0F4DB0A-66AE-4F89-B914-BA36FF617A73}.Debug|Any CPU.ActiveCfg = Debug|Any CPU
		{D0F4DB0A-66AE-4F89-B914-BA36FF617A73}.Debug|Any CPU.Build.0 = Debug|Any CPU
		{D0F4DB0A-66AE-4F89-B914-BA36FF617A73}.Release|Any CPU.ActiveCfg = Release|Any CPU
		{D0F4DB0A-66AE-4F89-B914-BA36FF617A73}.Release|Any CPU.Build.0 = Release|Any CPU
	EndGlobalSection
	GlobalSection(SolutionProperties) = preSolution
		HideSolutionNode = FALSE
	EndGlobalSection
	GlobalSection(ExtensibilityGlobals) = postSolution
		SolutionGuid = {6474B218-287A-4EB5-BAA8-75431AE44F2E}
	EndGlobalSection
EndGlobal
